
Microsoft Visual Studio Solution File, Format Version 12.00
# Visual Studio Version 17
VisualStudioVersion = 17.8.34525.116
MinimumVisualStudioVersion = 10.0.40219.1
Project("{FAE04EC0-301F-11D3-BF4B-00C04F79EFBC}") = "ProyectoFinalMuddle", "ProyectoFinalMuddle\ProyectoFinalMuddle.csproj", "{8B35B75C-FE04-47BA-970C-6932ECA73D03}"
EndProject
Project("{FAE04EC0-301F-11D3-BF4B-00C04F79EFBC}") = "VirtEdu.Domain", "VirtEdu.Domain\VirtEdu.Domain.csproj", "{349F49FF-D1ED-4615-95DA-DA4D4F899CBC}"
EndProject
Project("{FAE04EC0-301F-11D3-BF4B-00C04F79EFBC}") = "VirtEdu.Infrastructure", "VirtEdu.Infrastructure\VirtEdu.Infrastructure.csproj", "{1970724C-7179-43DB-B28A-5136ED178AB8}"
EndProject
Project("{FAE04EC0-301F-11D3-BF4B-00C04F79EFBC}") = "VirtEdu.Application", "VirtEdu.Application\VirtEdu.Application.csproj", "{961A1132-359B-43C2-84A5-9F55F0E38FDE}"
EndProject
Global
	GlobalSection(SolutionConfigurationPlatforms) = preSolution
		Debug|Any CPU = Debug|Any CPU
		Release|Any CPU = Release|Any CPU
	EndGlobalSection
	GlobalSection(ProjectConfigurationPlatforms) = postSolution
		{8B35B75C-FE04-47BA-970C-6932ECA73D03}.Debug|Any CPU.ActiveCfg = Debug|Any CPU
		{8B35B75C-FE04-47BA-970C-6932ECA73D03}.Debug|Any CPU.Build.0 = Debug|Any CPU
		{8B35B75C-FE04-47BA-970C-6932ECA73D03}.Release|Any CPU.ActiveCfg = Release|Any CPU
		{8B35B75C-FE04-47BA-970C-6932ECA73D03}.Release|Any CPU.Build.0 = Release|Any CPU
		{349F49FF-D1ED-4615-95DA-DA4D4F899CBC}.Debug|Any CPU.ActiveCfg = Debug|Any CPU
		{349F49FF-D1ED-4615-95DA-DA4D4F899CBC}.Debug|Any CPU.Build.0 = Debug|Any CPU
		{349F49FF-D1ED-4615-95DA-DA4D4F899CBC}.Release|Any CPU.ActiveCfg = Release|Any CPU
		{349F49FF-D1ED-4615-95DA-DA4D4F899CBC}.Release|Any CPU.Build.0 = Release|Any CPU
		{1970724C-7179-43DB-B28A-5136ED178AB8}.Debug|Any CPU.ActiveCfg = Debug|Any CPU
		{1970724C-7179-43DB-B28A-5136ED178AB8}.Debug|Any CPU.Build.0 = Debug|Any CPU
		{1970724C-7179-43DB-B28A-5136ED178AB8}.Release|Any CPU.ActiveCfg = Release|Any CPU
		{1970724C-7179-43DB-B28A-5136ED178AB8}.Release|Any CPU.Build.0 = Release|Any CPU
		{961A1132-359B-43C2-84A5-9F55F0E38FDE}.Debug|Any CPU.ActiveCfg = Debug|Any CPU
		{961A1132-359B-43C2-84A5-9F55F0E38FDE}.Debug|Any CPU.Build.0 = Debug|Any CPU
		{961A1132-359B-43C2-84A5-9F55F0E38FDE}.Release|Any CPU.ActiveCfg = Release|Any CPU
		{961A1132-359B-43C2-84A5-9F55F0E38FDE}.Release|Any CPU.Build.0 = Release|Any CPU
	EndGlobalSection
	GlobalSection(SolutionProperties) = preSolution
		HideSolutionNode = FALSE
	EndGlobalSection
	GlobalSection(ExtensibilityGlobals) = postSolution
		SolutionGuid = {935814A5-92EB-4110-B7D0-F5723DD72FAD}
	EndGlobalSection
EndGlobal
